
Microsoft Visual Studio Solution File, Format Version 12.00
Project("{FAE04EC0-301F-11D3-BF4B-00C04F79EFBC}") = "Evaluation", "Evaluation\Evaluation.csproj", "{FF3C94C3-A110-4FF6-905E-FEED8B15A3CE}"
EndProject
Project("{FAE04EC0-301F-11D3-BF4B-00C04F79EFBC}") = "ConsoleApp1", "ConsoleApp1\ConsoleApp1.csproj", "{BF0571F7-DFF5-4FDE-8E50-F5E8DCA4B186}"
EndProject
Global
	GlobalSection(SolutionConfigurationPlatforms) = preSolution
		Debug|Any CPU = Debug|Any CPU
		Release|Any CPU = Release|Any CPU
	EndGlobalSection
	GlobalSection(ProjectConfigurationPlatforms) = postSolution
		{FF3C94C3-A110-4FF6-905E-FEED8B15A3CE}.Debug|Any CPU.ActiveCfg = Debug|Any CPU
		{FF3C94C3-A110-4FF6-905E-FEED8B15A3CE}.Debug|Any CPU.Build.0 = Debug|Any CPU
		{FF3C94C3-A110-4FF6-905E-FEED8B15A3CE}.Release|Any CPU.ActiveCfg = Release|Any CPU
		{FF3C94C3-A110-4FF6-905E-FEED8B15A3CE}.Release|Any CPU.Build.0 = Release|Any CPU
		{BF0571F7-DFF5-4FDE-8E50-F5E8DCA4B186}.Debug|Any CPU.ActiveCfg = Debug|Any CPU
		{BF0571F7-DFF5-4FDE-8E50-F5E8DCA4B186}.Debug|Any CPU.Build.0 = Debug|Any CPU
		{BF0571F7-DFF5-4FDE-8E50-F5E8DCA4B186}.Release|Any CPU.ActiveCfg = Release|Any CPU
		{BF0571F7-DFF5-4FDE-8E50-F5E8DCA4B186}.Release|Any CPU.Build.0 = Release|Any CPU
	EndGlobalSection
EndGlobal
